// !$*UTF8*$!
{
	archiveVersion = 1;
	classes = {
	};
	objectVersion = 48;
	objects = {

/* Begin PBXBuildFile section */
		278D6DEA206AA2B100A68BDC /* AppDelegate.swift in Sources */ = {isa = PBXBuildFile; fileRef = 278D6DE9206AA2B100A68BDC /* AppDelegate.swift */; };
		278D6DEC206AA2B100A68BDC /* ViewController.swift in Sources */ = {isa = PBXBuildFile; fileRef = 278D6DEB206AA2B100A68BDC /* ViewController.swift */; };
		278D6DEF206AA2B100A68BDC /* Main.storyboard in Resources */ = {isa = PBXBuildFile; fileRef = 278D6DED206AA2B100A68BDC /* Main.storyboard */; };
		278D6DF2206AA2B100A68BDC /* Workout_Freak.xcdatamodeld in Sources */ = {isa = PBXBuildFile; fileRef = 278D6DF0206AA2B100A68BDC /* Workout_Freak.xcdatamodeld */; };
		278D6DF4206AA2B100A68BDC /* Assets.xcassets in Resources */ = {isa = PBXBuildFile; fileRef = 278D6DF3206AA2B100A68BDC /* Assets.xcassets */; };
		278D6DF7206AA2B100A68BDC /* LaunchScreen.storyboard in Resources */ = {isa = PBXBuildFile; fileRef = 278D6DF5206AA2B100A68BDC /* LaunchScreen.storyboard */; };
		278D6E0B206AA4A400A68BDC /* PostCell.swift in Sources */ = {isa = PBXBuildFile; fileRef = 278D6DFE206AA4A000A68BDC /* PostCell.swift */; };
		278D6E0C206AA4A400A68BDC /* RoundButton.swift in Sources */ = {isa = PBXBuildFile; fileRef = 278D6DFF206AA4A100A68BDC /* RoundButton.swift */; };
		278D6E0D206AA4A400A68BDC /* CustomView.swift in Sources */ = {isa = PBXBuildFile; fileRef = 278D6E00206AA4A100A68BDC /* CustomView.swift */; };
		278D6E0E206AA4A400A68BDC /* LoginViewController.swift in Sources */ = {isa = PBXBuildFile; fileRef = 278D6E01206AA4A100A68BDC /* LoginViewController.swift */; };
		278D6E0F206AA4A400A68BDC /* CustomTextField.swift in Sources */ = {isa = PBXBuildFile; fileRef = 278D6E02206AA4A100A68BDC /* CustomTextField.swift */; };
		278D6E10206AA4A400A68BDC /* Post.swift in Sources */ = {isa = PBXBuildFile; fileRef = 278D6E03206AA4A200A68BDC /* Post.swift */; };
		278D6E11206AA4A400A68BDC /* CircleView.swift in Sources */ = {isa = PBXBuildFile; fileRef = 278D6E04206AA4A200A68BDC /* CircleView.swift */; };
		278D6E12206AA4A400A68BDC /* DataService.swift in Sources */ = {isa = PBXBuildFile; fileRef = 278D6E05206AA4A200A68BDC /* DataService.swift */; };
		278D6E13206AA4A400A68BDC /* HeaderView.swift in Sources */ = {isa = PBXBuildFile; fileRef = 278D6E06206AA4A200A68BDC /* HeaderView.swift */; };
		278D6E14206AA4A400A68BDC /* AddQuoteVC.swift in Sources */ = {isa = PBXBuildFile; fileRef = 278D6E07206AA4A200A68BDC /* AddQuoteVC.swift */; };
		278D6E15206AA4A400A68BDC /* Constants.swift in Sources */ = {isa = PBXBuildFile; fileRef = 278D6E08206AA4A300A68BDC /* Constants.swift */; };
		278D6E16206AA4A400A68BDC /* CustomButton.swift in Sources */ = {isa = PBXBuildFile; fileRef = 278D6E09206AA4A300A68BDC /* CustomButton.swift */; };
		278D6E17206AA4A400A68BDC /* FeedViewController.swift in Sources */ = {isa = PBXBuildFile; fileRef = 278D6E0A206AA4A300A68BDC /* FeedViewController.swift */; };
		278D6E1B206AA63800A68BDC /* Fabric.framework in Frameworks */ = {isa = PBXBuildFile; fileRef = 278D6E19206AA63800A68BDC /* Fabric.framework */; };
		278D6E1C206AA63800A68BDC /* Crashlytics.framework in Frameworks */ = {isa = PBXBuildFile; fileRef = 278D6E1A206AA63800A68BDC /* Crashlytics.framework */; };
		278D6E22206AAEC700A68BDC /* GoogleService-Info.plist in Resources */ = {isa = PBXBuildFile; fileRef = 278D6E21206AAEC600A68BDC /* GoogleService-Info.plist */; };
		278D6E24206B35F400A68BDC /* FeedDetailVC.swift in Sources */ = {isa = PBXBuildFile; fileRef = 278D6E23206B35F400A68BDC /* FeedDetailVC.swift */; };
		278D6E2D206B41ED00A68BDC /* MHFacebookImageViewer.m in Sources */ = {isa = PBXBuildFile; fileRef = 278D6E27206B41EC00A68BDC /* MHFacebookImageViewer.m */; };
		278D6E2E206B41ED00A68BDC /* Done.png in Resources */ = {isa = PBXBuildFile; fileRef = 278D6E29206B41EC00A68BDC /* Done.png */; };
		278D6E2F206B41ED00A68BDC /* Done@2x.png in Resources */ = {isa = PBXBuildFile; fileRef = 278D6E2A206B41EC00A68BDC /* Done@2x.png */; };
		278D6E30206B41ED00A68BDC /* UIImageView+MHFacebookImageViewer.m in Sources */ = {isa = PBXBuildFile; fileRef = 278D6E2C206B41EC00A68BDC /* UIImageView+MHFacebookImageViewer.m */; };
		278D6E46206B456000A68BDC /* AFHTTPClient.m in Sources */ = {isa = PBXBuildFile; fileRef = 278D6E34206B456000A68BDC /* AFHTTPClient.m */; };
		278D6E47206B456000A68BDC /* AFHTTPRequestOperation.m in Sources */ = {isa = PBXBuildFile; fileRef = 278D6E36206B456000A68BDC /* AFHTTPRequestOperation.m */; };
		278D6E48206B456000A68BDC /* AFImageRequestOperation.m in Sources */ = {isa = PBXBuildFile; fileRef = 278D6E38206B456000A68BDC /* AFImageRequestOperation.m */; };
		278D6E49206B456000A68BDC /* AFJSONRequestOperation.m in Sources */ = {isa = PBXBuildFile; fileRef = 278D6E3A206B456000A68BDC /* AFJSONRequestOperation.m */; };
		278D6E4A206B456000A68BDC /* AFNetworkActivityIndicatorManager.m in Sources */ = {isa = PBXBuildFile; fileRef = 278D6E3C206B456000A68BDC /* AFNetworkActivityIndicatorManager.m */; };
		278D6E4B206B456000A68BDC /* AFPropertyListRequestOperation.m in Sources */ = {isa = PBXBuildFile; fileRef = 278D6E3F206B456000A68BDC /* AFPropertyListRequestOperation.m */; };
		278D6E4C206B456000A68BDC /* AFURLConnectionOperation.m in Sources */ = {isa = PBXBuildFile; fileRef = 278D6E41206B456000A68BDC /* AFURLConnectionOperation.m */; };
		278D6E4D206B456000A68BDC /* AFXMLRequestOperation.m in Sources */ = {isa = PBXBuildFile; fileRef = 278D6E43206B456000A68BDC /* AFXMLRequestOperation.m */; };
		278D6E4E206B456000A68BDC /* UIImageView+AFNetworking.m in Sources */ = {isa = PBXBuildFile; fileRef = 278D6E45206B456000A68BDC /* UIImageView+AFNetworking.m */; };
		B82416AC6D2DF0041BC2316C /* Pods_Workout_Freak.framework in Frameworks */ = {isa = PBXBuildFile; fileRef = 6E007675FCA686C79DE821F0 /* Pods_Workout_Freak.framework */; };
/* End PBXBuildFile section */

/* Begin PBXFileReference section */
		278D6DE6206AA2B100A68BDC /* Workout Freak.app */ = {isa = PBXFileReference; explicitFileType = wrapper.application; includeInIndex = 0; path = "Workout Freak.app"; sourceTree = BUILT_PRODUCTS_DIR; };
		278D6DE9206AA2B100A68BDC /* AppDelegate.swift */ = {isa = PBXFileReference; lastKnownFileType = sourcecode.swift; path = AppDelegate.swift; sourceTree = "<group>"; };
		278D6DEB206AA2B100A68BDC /* ViewController.swift */ = {isa = PBXFileReference; lastKnownFileType = sourcecode.swift; path = ViewController.swift; sourceTree = "<group>"; };
		278D6DEE206AA2B100A68BDC /* Base */ = {isa = PBXFileReference; lastKnownFileType = file.storyboard; name = Base; path = Base.lproj/Main.storyboard; sourceTree = "<group>"; };
		278D6DF1206AA2B100A68BDC /* Workout_Freak.xcdatamodel */ = {isa = PBXFileReference; lastKnownFileType = wrapper.xcdatamodel; path = Workout_Freak.xcdatamodel; sourceTree = "<group>"; };
		278D6DF3206AA2B100A68BDC /* Assets.xcassets */ = {isa = PBXFileReference; lastKnownFileType = folder.assetcatalog; path = Assets.xcassets; sourceTree = "<group>"; };
		278D6DF6206AA2B100A68BDC /* Base */ = {isa = PBXFileReference; lastKnownFileType = file.storyboard; name = Base; path = Base.lproj/LaunchScreen.storyboard; sourceTree = "<group>"; };
		278D6DF8206AA2B100A68BDC /* Info.plist */ = {isa = PBXFileReference; lastKnownFileType = text.plist.xml; path = Info.plist; sourceTree = "<group>"; };
		278D6DFE206AA4A000A68BDC /* PostCell.swift */ = {isa = PBXFileReference; fileEncoding = 4; lastKnownFileType = sourcecode.swift; path = PostCell.swift; sourceTree = "<group>"; };
		278D6DFF206AA4A100A68BDC /* RoundButton.swift */ = {isa = PBXFileReference; fileEncoding = 4; lastKnownFileType = sourcecode.swift; path = RoundButton.swift; sourceTree = "<group>"; };
		278D6E00206AA4A100A68BDC /* CustomView.swift */ = {isa = PBXFileReference; fileEncoding = 4; lastKnownFileType = sourcecode.swift; path = CustomView.swift; sourceTree = "<group>"; };
		278D6E01206AA4A100A68BDC /* LoginViewController.swift */ = {isa = PBXFileReference; fileEncoding = 4; lastKnownFileType = sourcecode.swift; path = LoginViewController.swift; sourceTree = "<group>"; };
		278D6E02206AA4A100A68BDC /* CustomTextField.swift */ = {isa = PBXFileReference; fileEncoding = 4; lastKnownFileType = sourcecode.swift; path = CustomTextField.swift; sourceTree = "<group>"; };
		278D6E03206AA4A200A68BDC /* Post.swift */ = {isa = PBXFileReference; fileEncoding = 4; lastKnownFileType = sourcecode.swift; path = Post.swift; sourceTree = "<group>"; };
		278D6E04206AA4A200A68BDC /* CircleView.swift */ = {isa = PBXFileReference; fileEncoding = 4; lastKnownFileType = sourcecode.swift; path = CircleView.swift; sourceTree = "<group>"; };
		278D6E05206AA4A200A68BDC /* DataService.swift */ = {isa = PBXFileReference; fileEncoding = 4; lastKnownFileType = sourcecode.swift; path = DataService.swift; sourceTree = "<group>"; };
		278D6E06206AA4A200A68BDC /* HeaderView.swift */ = {isa = PBXFileReference; fileEncoding = 4; lastKnownFileType = sourcecode.swift; path = HeaderView.swift; sourceTree = "<group>"; };
		278D6E07206AA4A200A68BDC /* AddQuoteVC.swift */ = {isa = PBXFileReference; fileEncoding = 4; lastKnownFileType = sourcecode.swift; path = AddQuoteVC.swift; sourceTree = "<group>"; };
		278D6E08206AA4A300A68BDC /* Constants.swift */ = {isa = PBXFileReference; fileEncoding = 4; lastKnownFileType = sourcecode.swift; path = Constants.swift; sourceTree = "<group>"; };
		278D6E09206AA4A300A68BDC /* CustomButton.swift */ = {isa = PBXFileReference; fileEncoding = 4; lastKnownFileType = sourcecode.swift; path = CustomButton.swift; sourceTree = "<group>"; };
		278D6E0A206AA4A300A68BDC /* FeedViewController.swift */ = {isa = PBXFileReference; fileEncoding = 4; lastKnownFileType = sourcecode.swift; path = FeedViewController.swift; sourceTree = "<group>"; };
		278D6E19206AA63800A68BDC /* Fabric.framework */ = {isa = PBXFileReference; lastKnownFileType = wrapper.framework; path = Fabric.framework; sourceTree = "<group>"; };
		278D6E1A206AA63800A68BDC /* Crashlytics.framework */ = {isa = PBXFileReference; lastKnownFileType = wrapper.framework; path = Crashlytics.framework; sourceTree = "<group>"; };
		278D6E21206AAEC600A68BDC /* GoogleService-Info.plist */ = {isa = PBXFileReference; fileEncoding = 4; lastKnownFileType = text.plist.xml; path = "GoogleService-Info.plist"; sourceTree = "<group>"; };
		278D6E23206B35F400A68BDC /* FeedDetailVC.swift */ = {isa = PBXFileReference; lastKnownFileType = sourcecode.swift; path = FeedDetailVC.swift; sourceTree = "<group>"; };
		278D6E26206B41EC00A68BDC /* MHFacebookImageViewer.h */ = {isa = PBXFileReference; fileEncoding = 4; lastKnownFileType = sourcecode.c.h; path = MHFacebookImageViewer.h; sourceTree = "<group>"; };
		278D6E27206B41EC00A68BDC /* MHFacebookImageViewer.m */ = {isa = PBXFileReference; fileEncoding = 4; lastKnownFileType = sourcecode.c.objc; path = MHFacebookImageViewer.m; sourceTree = "<group>"; };
		278D6E29206B41EC00A68BDC /* Done.png */ = {isa = PBXFileReference; lastKnownFileType = image.png; path = Done.png; sourceTree = "<group>"; };
		278D6E2A206B41EC00A68BDC /* Done@2x.png */ = {isa = PBXFileReference; lastKnownFileType = image.png; path = "Done@2x.png"; sourceTree = "<group>"; };
		278D6E2B206B41EC00A68BDC /* UIImageView+MHFacebookImageViewer.h */ = {isa = PBXFileReference; fileEncoding = 4; lastKnownFileType = sourcecode.c.h; path = "UIImageView+MHFacebookImageViewer.h"; sourceTree = "<group>"; };
		278D6E2C206B41EC00A68BDC /* UIImageView+MHFacebookImageViewer.m */ = {isa = PBXFileReference; fileEncoding = 4; lastKnownFileType = sourcecode.c.objc; path = "UIImageView+MHFacebookImageViewer.m"; sourceTree = "<group>"; };
		278D6E31206B429800A68BDC /* Workout_Freak_Bridging_Header.h */ = {isa = PBXFileReference; lastKnownFileType = sourcecode.c.h; path = Workout_Freak_Bridging_Header.h; sourceTree = "<group>"; };
		278D6E33206B456000A68BDC /* AFHTTPClient.h */ = {isa = PBXFileReference; fileEncoding = 4; lastKnownFileType = sourcecode.c.h; path = AFHTTPClient.h; sourceTree = "<group>"; };
		278D6E34206B456000A68BDC /* AFHTTPClient.m */ = {isa = PBXFileReference; fileEncoding = 4; lastKnownFileType = sourcecode.c.objc; path = AFHTTPClient.m; sourceTree = "<group>"; };
		278D6E35206B456000A68BDC /* AFHTTPRequestOperation.h */ = {isa = PBXFileReference; fileEncoding = 4; lastKnownFileType = sourcecode.c.h; path = AFHTTPRequestOperation.h; sourceTree = "<group>"; };
		278D6E36206B456000A68BDC /* AFHTTPRequestOperation.m */ = {isa = PBXFileReference; fileEncoding = 4; lastKnownFileType = sourcecode.c.objc; path = AFHTTPRequestOperation.m; sourceTree = "<group>"; };
		278D6E37206B456000A68BDC /* AFImageRequestOperation.h */ = {isa = PBXFileReference; fileEncoding = 4; lastKnownFileType = sourcecode.c.h; path = AFImageRequestOperation.h; sourceTree = "<group>"; };
		278D6E38206B456000A68BDC /* AFImageRequestOperation.m */ = {isa = PBXFileReference; fileEncoding = 4; lastKnownFileType = sourcecode.c.objc; path = AFImageRequestOperation.m; sourceTree = "<group>"; };
		278D6E39206B456000A68BDC /* AFJSONRequestOperation.h */ = {isa = PBXFileReference; fileEncoding = 4; lastKnownFileType = sourcecode.c.h; path = AFJSONRequestOperation.h; sourceTree = "<group>"; };
		278D6E3A206B456000A68BDC /* AFJSONRequestOperation.m */ = {isa = PBXFileReference; fileEncoding = 4; lastKnownFileType = sourcecode.c.objc; path = AFJSONRequestOperation.m; sourceTree = "<group>"; };
		278D6E3B206B456000A68BDC /* AFNetworkActivityIndicatorManager.h */ = {isa = PBXFileReference; fileEncoding = 4; lastKnownFileType = sourcecode.c.h; path = AFNetworkActivityIndicatorManager.h; sourceTree = "<group>"; };
		278D6E3C206B456000A68BDC /* AFNetworkActivityIndicatorManager.m */ = {isa = PBXFileReference; fileEncoding = 4; lastKnownFileType = sourcecode.c.objc; path = AFNetworkActivityIndicatorManager.m; sourceTree = "<group>"; };
		278D6E3D206B456000A68BDC /* AFNetworking.h */ = {isa = PBXFileReference; fileEncoding = 4; lastKnownFileType = sourcecode.c.h; path = AFNetworking.h; sourceTree = "<group>"; };
		278D6E3E206B456000A68BDC /* AFPropertyListRequestOperation.h */ = {isa = PBXFileReference; fileEncoding = 4; lastKnownFileType = sourcecode.c.h; path = AFPropertyListRequestOperation.h; sourceTree = "<group>"; };
		278D6E3F206B456000A68BDC /* AFPropertyListRequestOperation.m */ = {isa = PBXFileReference; fileEncoding = 4; lastKnownFileType = sourcecode.c.objc; path = AFPropertyListRequestOperation.m; sourceTree = "<group>"; };
		278D6E40206B456000A68BDC /* AFURLConnectionOperation.h */ = {isa = PBXFileReference; fileEncoding = 4; lastKnownFileType = sourcecode.c.h; path = AFURLConnectionOperation.h; sourceTree = "<group>"; };
		278D6E41206B456000A68BDC /* AFURLConnectionOperation.m */ = {isa = PBXFileReference; fileEncoding = 4; lastKnownFileType = sourcecode.c.objc; path = AFURLConnectionOperation.m; sourceTree = "<group>"; };
		278D6E42206B456000A68BDC /* AFXMLRequestOperation.h */ = {isa = PBXFileReference; fileEncoding = 4; lastKnownFileType = sourcecode.c.h; path = AFXMLRequestOperation.h; sourceTree = "<group>"; };
		278D6E43206B456000A68BDC /* AFXMLRequestOperation.m */ = {isa = PBXFileReference; fileEncoding = 4; lastKnownFileType = sourcecode.c.objc; path = AFXMLRequestOperation.m; sourceTree = "<group>"; };
		278D6E44206B456000A68BDC /* UIImageView+AFNetworking.h */ = {isa = PBXFileReference; fileEncoding = 4; lastKnownFileType = sourcecode.c.h; path = "UIImageView+AFNetworking.h"; sourceTree = "<group>"; };
		278D6E45206B456000A68BDC /* UIImageView+AFNetworking.m */ = {isa = PBXFileReference; fileEncoding = 4; lastKnownFileType = sourcecode.c.objc; path = "UIImageView+AFNetworking.m"; sourceTree = "<group>"; };
		28F9B5BD4573BB839F60D0FD /* Pods-Workout Freak.debug.xcconfig */ = {isa = PBXFileReference; includeInIndex = 1; lastKnownFileType = text.xcconfig; name = "Pods-Workout Freak.debug.xcconfig"; path = "Pods/Target Support Files/Pods-Workout Freak/Pods-Workout Freak.debug.xcconfig"; sourceTree = "<group>"; };
		6E007675FCA686C79DE821F0 /* Pods_Workout_Freak.framework */ = {isa = PBXFileReference; explicitFileType = wrapper.framework; includeInIndex = 0; path = Pods_Workout_Freak.framework; sourceTree = BUILT_PRODUCTS_DIR; };
		AD9E84A4683D5B66D43DC9E1 /* Pods-Workout Freak.release.xcconfig */ = {isa = PBXFileReference; includeInIndex = 1; lastKnownFileType = text.xcconfig; name = "Pods-Workout Freak.release.xcconfig"; path = "Pods/Target Support Files/Pods-Workout Freak/Pods-Workout Freak.release.xcconfig"; sourceTree = "<group>"; };
/* End PBXFileReference section */

/* Begin PBXFrameworksBuildPhase section */
		278D6DE3206AA2B100A68BDC /* Frameworks */ = {
			isa = PBXFrameworksBuildPhase;
			buildActionMask = 2147483647;
			files = (
				B82416AC6D2DF0041BC2316C /* Pods_Workout_Freak.framework in Frameworks */,
				278D6E1C206AA63800A68BDC /* Crashlytics.framework in Frameworks */,
				278D6E1B206AA63800A68BDC /* Fabric.framework in Frameworks */,
			);
			runOnlyForDeploymentPostprocessing = 0;
		};
/* End PBXFrameworksBuildPhase section */

/* Begin PBXGroup section */
		278D6DDD206AA2B100A68BDC = {
			isa = PBXGroup;
			children = (
				278D6E31206B429800A68BDC /* Workout_Freak_Bridging_Header.h */,
				278D6DE8206AA2B100A68BDC /* Workout Freak */,
				278D6DE7206AA2B100A68BDC /* Products */,
				393805393FEA9E7D678B0521 /* Pods */,
				2B3A5254778B815F2B88A8AC /* Frameworks */,
			);
			sourceTree = "<group>";
		};
		278D6DE7206AA2B100A68BDC /* Products */ = {
			isa = PBXGroup;
			children = (
				278D6DE6206AA2B100A68BDC /* Workout Freak.app */,
			);
			name = Products;
			sourceTree = "<group>";
		};
		278D6DE8206AA2B100A68BDC /* Workout Freak */ = {
			isa = PBXGroup;
			children = (
				278D6DE9206AA2B100A68BDC /* AppDelegate.swift */,
				278D6E07206AA4A200A68BDC /* AddQuoteVC.swift */,
				278D6E04206AA4A200A68BDC /* CircleView.swift */,
				278D6E08206AA4A300A68BDC /* Constants.swift */,
				278D6E09206AA4A300A68BDC /* CustomButton.swift */,
				278D6E02206AA4A100A68BDC /* CustomTextField.swift */,
				278D6E00206AA4A100A68BDC /* CustomView.swift */,
				278D6E05206AA4A200A68BDC /* DataService.swift */,
				278D6E0A206AA4A300A68BDC /* FeedViewController.swift */,
				278D6E06206AA4A200A68BDC /* HeaderView.swift */,
				278D6E01206AA4A100A68BDC /* LoginViewController.swift */,
				278D6E03206AA4A200A68BDC /* Post.swift */,
				278D6DFE206AA4A000A68BDC /* PostCell.swift */,
				278D6DFF206AA4A100A68BDC /* RoundButton.swift */,
				278D6DEB206AA2B100A68BDC /* ViewController.swift */,
				278D6DED206AA2B100A68BDC /* Main.storyboard */,
				278D6E23206B35F400A68BDC /* FeedDetailVC.swift */,
				278D6E25206B41EC00A68BDC /* MHFBImageViewController */,
				278D6DF3206AA2B100A68BDC /* Assets.xcassets */,
				278D6DF5206AA2B100A68BDC /* LaunchScreen.storyboard */,
				278D6DF8206AA2B100A68BDC /* Info.plist */,
				278D6E21206AAEC600A68BDC /* GoogleService-Info.plist */,
				278D6DF0206AA2B100A68BDC /* Workout_Freak.xcdatamodeld */,
			);
			path = "Workout Freak";
			sourceTree = "<group>";
		};
		278D6E25206B41EC00A68BDC /* MHFBImageViewController */ = {
			isa = PBXGroup;
			children = (
				278D6E32206B456000A68BDC /* AFNetworking */,
				278D6E26206B41EC00A68BDC /* MHFacebookImageViewer.h */,
				278D6E27206B41EC00A68BDC /* MHFacebookImageViewer.m */,
				278D6E28206B41EC00A68BDC /* Resources */,
				278D6E2B206B41EC00A68BDC /* UIImageView+MHFacebookImageViewer.h */,
				278D6E2C206B41EC00A68BDC /* UIImageView+MHFacebookImageViewer.m */,
			);
			path = MHFBImageViewController;
			sourceTree = "<group>";
		};
		278D6E28206B41EC00A68BDC /* Resources */ = {
			isa = PBXGroup;
			children = (
				278D6E29206B41EC00A68BDC /* Done.png */,
				278D6E2A206B41EC00A68BDC /* Done@2x.png */,
			);
			path = Resources;
			sourceTree = "<group>";
		};
		278D6E32206B456000A68BDC /* AFNetworking */ = {
			isa = PBXGroup;
			children = (
				278D6E33206B456000A68BDC /* AFHTTPClient.h */,
				278D6E34206B456000A68BDC /* AFHTTPClient.m */,
				278D6E35206B456000A68BDC /* AFHTTPRequestOperation.h */,
				278D6E36206B456000A68BDC /* AFHTTPRequestOperation.m */,
				278D6E37206B456000A68BDC /* AFImageRequestOperation.h */,
				278D6E38206B456000A68BDC /* AFImageRequestOperation.m */,
				278D6E39206B456000A68BDC /* AFJSONRequestOperation.h */,
				278D6E3A206B456000A68BDC /* AFJSONRequestOperation.m */,
				278D6E3B206B456000A68BDC /* AFNetworkActivityIndicatorManager.h */,
				278D6E3C206B456000A68BDC /* AFNetworkActivityIndicatorManager.m */,
				278D6E3D206B456000A68BDC /* AFNetworking.h */,
				278D6E3E206B456000A68BDC /* AFPropertyListRequestOperation.h */,
				278D6E3F206B456000A68BDC /* AFPropertyListRequestOperation.m */,
				278D6E40206B456000A68BDC /* AFURLConnectionOperation.h */,
				278D6E41206B456000A68BDC /* AFURLConnectionOperation.m */,
				278D6E42206B456000A68BDC /* AFXMLRequestOperation.h */,
				278D6E43206B456000A68BDC /* AFXMLRequestOperation.m */,
				278D6E44206B456000A68BDC /* UIImageView+AFNetworking.h */,
				278D6E45206B456000A68BDC /* UIImageView+AFNetworking.m */,
			);
			path = AFNetworking;
			sourceTree = "<group>";
		};
		2B3A5254778B815F2B88A8AC /* Frameworks */ = {
			isa = PBXGroup;
			children = (
				278D6E1A206AA63800A68BDC /* Crashlytics.framework */,
				278D6E19206AA63800A68BDC /* Fabric.framework */,
				6E007675FCA686C79DE821F0 /* Pods_Workout_Freak.framework */,
			);
			name = Frameworks;
			sourceTree = "<group>";
		};
		393805393FEA9E7D678B0521 /* Pods */ = {
			isa = PBXGroup;
			children = (
				28F9B5BD4573BB839F60D0FD /* Pods-Workout Freak.debug.xcconfig */,
				AD9E84A4683D5B66D43DC9E1 /* Pods-Workout Freak.release.xcconfig */,
			);
			name = Pods;
			sourceTree = "<group>";
		};
/* End PBXGroup section */

/* Begin PBXNativeTarget section */
		278D6DE5206AA2B100A68BDC /* Workout Freak */ = {
			isa = PBXNativeTarget;
			buildConfigurationList = 278D6DFB206AA2B100A68BDC /* Build configuration list for PBXNativeTarget "Workout Freak" */;
			buildPhases = (
				66C528485F075614915AE5C3 /* [CP] Check Pods Manifest.lock */,
				278D6DE2206AA2B100A68BDC /* Sources */,
				278D6DE3206AA2B100A68BDC /* Frameworks */,
				278D6DE4206AA2B100A68BDC /* Resources */,
				B52B1CB4CACBB6A90E86AE6E /* [CP] Embed Pods Frameworks */,
				967AFC6AB41224D3ECD48549 /* [CP] Copy Pods Resources */,
				278D6E18206AA5F700A68BDC /* ShellScript */,
			);
			buildRules = (
			);
			dependencies = (
			);
			name = "Workout Freak";
			productName = "Workout Freak";
			productReference = 278D6DE6206AA2B100A68BDC /* Workout Freak.app */;
			productType = "com.apple.product-type.application";
		};
/* End PBXNativeTarget section */

/* Begin PBXProject section */
		278D6DDE206AA2B100A68BDC /* Project object */ = {
			isa = PBXProject;
			attributes = {
				LastSwiftUpdateCheck = 0920;
				LastUpgradeCheck = 0920;
				ORGANIZATIONNAME = "Al Amin";
				TargetAttributes = {
					278D6DE5206AA2B100A68BDC = {
						CreatedOnToolsVersion = 9.2;
						ProvisioningStyle = Manual;
					};
				};
			};
			buildConfigurationList = 278D6DE1206AA2B100A68BDC /* Build configuration list for PBXProject "Workout Freak" */;
			compatibilityVersion = "Xcode 8.0";
			developmentRegion = en;
			hasScannedForEncodings = 0;
			knownRegions = (
				en,
				Base,
			);
			mainGroup = 278D6DDD206AA2B100A68BDC;
			productRefGroup = 278D6DE7206AA2B100A68BDC /* Products */;
			projectDirPath = "";
			projectRoot = "";
			targets = (
				278D6DE5206AA2B100A68BDC /* Workout Freak */,
			);
		};
/* End PBXProject section */

/* Begin PBXResourcesBuildPhase section */
		278D6DE4206AA2B100A68BDC /* Resources */ = {
			isa = PBXResourcesBuildPhase;
			buildActionMask = 2147483647;
			files = (
				278D6E2F206B41ED00A68BDC /* Done@2x.png in Resources */,
				278D6DF7206AA2B100A68BDC /* LaunchScreen.storyboard in Resources */,
				278D6E22206AAEC700A68BDC /* GoogleService-Info.plist in Resources */,
				278D6E2E206B41ED00A68BDC /* Done.png in Resources */,
				278D6DF4206AA2B100A68BDC /* Assets.xcassets in Resources */,
				278D6DEF206AA2B100A68BDC /* Main.storyboard in Resources */,
			);
			runOnlyForDeploymentPostprocessing = 0;
		};
/* End PBXResourcesBuildPhase section */

/* Begin PBXShellScriptBuildPhase section */
		278D6E18206AA5F700A68BDC /* ShellScript */ = {
			isa = PBXShellScriptBuildPhase;
			buildActionMask = 2147483647;
			files = (
			);
			inputPaths = (
			);
			outputPaths = (
			);
			runOnlyForDeploymentPostprocessing = 0;
			shellPath = /bin/sh;
			shellScript = "./Fabric.framework/run 447d49af780fb702f5e8b87bf2e3ad25a712c76f 20f80c5749d277dcd194e8d7c152b28f56f16ed1782b30b21ea36de763c50304";
		};
		66C528485F075614915AE5C3 /* [CP] Check Pods Manifest.lock */ = {
			isa = PBXShellScriptBuildPhase;
			buildActionMask = 2147483647;
			files = (
			);
			inputPaths = (
				"${PODS_PODFILE_DIR_PATH}/Podfile.lock",
				"${PODS_ROOT}/Manifest.lock",
			);
			name = "[CP] Check Pods Manifest.lock";
			outputPaths = (
				"$(DERIVED_FILE_DIR)/Pods-Workout Freak-checkManifestLockResult.txt",
			);
			runOnlyForDeploymentPostprocessing = 0;
			shellPath = /bin/sh;
			shellScript = "diff \"${PODS_PODFILE_DIR_PATH}/Podfile.lock\" \"${PODS_ROOT}/Manifest.lock\" > /dev/null\nif [ $? != 0 ] ; then\n    # print error to STDERR\n    echo \"error: The sandbox is not in sync with the Podfile.lock. Run 'pod install' or update your CocoaPods installation.\" >&2\n    exit 1\nfi\n# This output is used by Xcode 'outputs' to avoid re-running this script phase.\necho \"SUCCESS\" > \"${SCRIPT_OUTPUT_FILE_0}\"\n";
			showEnvVarsInLog = 0;
		};
		967AFC6AB41224D3ECD48549 /* [CP] Copy Pods Resources */ = {
			isa = PBXShellScriptBuildPhase;
			buildActionMask = 2147483647;
			files = (
			);
			inputPaths = (
			);
			name = "[CP] Copy Pods Resources";
			outputPaths = (
			);
			runOnlyForDeploymentPostprocessing = 0;
			shellPath = /bin/sh;
			shellScript = "\"${SRCROOT}/Pods/Target Support Files/Pods-Workout Freak/Pods-Workout Freak-resources.sh\"\n";
			showEnvVarsInLog = 0;
		};
		B52B1CB4CACBB6A90E86AE6E /* [CP] Embed Pods Frameworks */ = {
			isa = PBXShellScriptBuildPhase;
			buildActionMask = 2147483647;
			files = (
			);
			inputPaths = (
				"${SRCROOT}/Pods/Target Support Files/Pods-Workout Freak/Pods-Workout Freak-frameworks.sh",
				"${BUILT_PRODUCTS_DIR}/Bolts/Bolts.framework",
				"${BUILT_PRODUCTS_DIR}/FBSDKCoreKit/FBSDKCoreKit.framework",
				"${BUILT_PRODUCTS_DIR}/FBSDKLoginKit/FBSDKLoginKit.framework",
				"${BUILT_PRODUCTS_DIR}/FacebookCore/FacebookCore.framework",
				"${BUILT_PRODUCTS_DIR}/FacebookLogin/FacebookLogin.framework",
				"${BUILT_PRODUCTS_DIR}/GTMSessionFetcher/GTMSessionFetcher.framework",
				"${BUILT_PRODUCTS_DIR}/GoogleToolboxForMac/GoogleToolboxForMac.framework",
				"${BUILT_PRODUCTS_DIR}/IQKeyboardManagerSwift/IQKeyboardManagerSwift.framework",
				"${BUILT_PRODUCTS_DIR}/SDWebImage/SDWebImage.framework",
				"${BUILT_PRODUCTS_DIR}/SVProgressHUD/SVProgressHUD.framework",
				"${BUILT_PRODUCTS_DIR}/SwiftKeychainWrapper/SwiftKeychainWrapper.framework",
				"${BUILT_PRODUCTS_DIR}/leveldb-library/leveldb.framework",
				"${BUILT_PRODUCTS_DIR}/nanopb/nanopb.framework",
			);
			name = "[CP] Embed Pods Frameworks";
			outputPaths = (
				"${TARGET_BUILD_DIR}/${FRAMEWORKS_FOLDER_PATH}/Bolts.framework",
				"${TARGET_BUILD_DIR}/${FRAMEWORKS_FOLDER_PATH}/FBSDKCoreKit.framework",
				"${TARGET_BUILD_DIR}/${FRAMEWORKS_FOLDER_PATH}/FBSDKLoginKit.framework",
				"${TARGET_BUILD_DIR}/${FRAMEWORKS_FOLDER_PATH}/FacebookCore.framework",
				"${TARGET_BUILD_DIR}/${FRAMEWORKS_FOLDER_PATH}/FacebookLogin.framework",
				"${TARGET_BUILD_DIR}/${FRAMEWORKS_FOLDER_PATH}/GTMSessionFetcher.framework",
				"${TARGET_BUILD_DIR}/${FRAMEWORKS_FOLDER_PATH}/GoogleToolboxForMac.framework",
				"${TARGET_BUILD_DIR}/${FRAMEWORKS_FOLDER_PATH}/IQKeyboardManagerSwift.framework",
				"${TARGET_BUILD_DIR}/${FRAMEWORKS_FOLDER_PATH}/SDWebImage.framework",
				"${TARGET_BUILD_DIR}/${FRAMEWORKS_FOLDER_PATH}/SVProgressHUD.framework",
				"${TARGET_BUILD_DIR}/${FRAMEWORKS_FOLDER_PATH}/SwiftKeychainWrapper.framework",
				"${TARGET_BUILD_DIR}/${FRAMEWORKS_FOLDER_PATH}/leveldb.framework",
				"${TARGET_BUILD_DIR}/${FRAMEWORKS_FOLDER_PATH}/nanopb.framework",
			);
			runOnlyForDeploymentPostprocessing = 0;
			shellPath = /bin/sh;
			shellScript = "\"${SRCROOT}/Pods/Target Support Files/Pods-Workout Freak/Pods-Workout Freak-frameworks.sh\"\n";
			showEnvVarsInLog = 0;
		};
/* End PBXShellScriptBuildPhase section */

/* Begin PBXSourcesBuildPhase section */
		278D6DE2206AA2B100A68BDC /* Sources */ = {
			isa = PBXSourcesBuildPhase;
			buildActionMask = 2147483647;
			files = (
				278D6E4C206B456000A68BDC /* AFURLConnectionOperation.m in Sources */,
				278D6E0E206AA4A400A68BDC /* LoginViewController.swift in Sources */,
				278D6DEC206AA2B100A68BDC /* ViewController.swift in Sources */,
				278D6E0C206AA4A400A68BDC /* RoundButton.swift in Sources */,
				278D6DF2206AA2B100A68BDC /* Workout_Freak.xcdatamodeld in Sources */,
				278D6E0F206AA4A400A68BDC /* CustomTextField.swift in Sources */,
				278D6E30206B41ED00A68BDC /* UIImageView+MHFacebookImageViewer.m in Sources */,
				278D6E47206B456000A68BDC /* AFHTTPRequestOperation.m in Sources */,
				278D6E24206B35F400A68BDC /* FeedDetailVC.swift in Sources */,
				278D6E12206AA4A400A68BDC /* DataService.swift in Sources */,
				278D6E4D206B456000A68BDC /* AFXMLRequestOperation.m in Sources */,
				278D6E17206AA4A400A68BDC /* FeedViewController.swift in Sources */,
				278D6E0D206AA4A400A68BDC /* CustomView.swift in Sources */,
				278D6E13206AA4A400A68BDC /* HeaderView.swift in Sources */,
				278D6E14206AA4A400A68BDC /* AddQuoteVC.swift in Sources */,
				278D6E11206AA4A400A68BDC /* CircleView.swift in Sources */,
				278D6E48206B456000A68BDC /* AFImageRequestOperation.m in Sources */,
				278D6E10206AA4A400A68BDC /* Post.swift in Sources */,
				278D6E15206AA4A400A68BDC /* Constants.swift in Sources */,
				278D6E4E206B456000A68BDC /* UIImageView+AFNetworking.m in Sources */,
				278D6E46206B456000A68BDC /* AFHTTPClient.m in Sources */,
				278D6E49206B456000A68BDC /* AFJSONRequestOperation.m in Sources */,
				278D6E2D206B41ED00A68BDC /* MHFacebookImageViewer.m in Sources */,
				278D6E4A206B456000A68BDC /* AFNetworkActivityIndicatorManager.m in Sources */,
				278D6DEA206AA2B100A68BDC /* AppDelegate.swift in Sources */,
				278D6E0B206AA4A400A68BDC /* PostCell.swift in Sources */,
				278D6E4B206B456000A68BDC /* AFPropertyListRequestOperation.m in Sources */,
				278D6E16206AA4A400A68BDC /* CustomButton.swift in Sources */,
			);
			runOnlyForDeploymentPostprocessing = 0;
		};
/* End PBXSourcesBuildPhase section */

/* Begin PBXVariantGroup section */
		278D6DED206AA2B100A68BDC /* Main.storyboard */ = {
			isa = PBXVariantGroup;
			children = (
				278D6DEE206AA2B100A68BDC /* Base */,
			);
			name = Main.storyboard;
			sourceTree = "<group>";
		};
		278D6DF5206AA2B100A68BDC /* LaunchScreen.storyboard */ = {
			isa = PBXVariantGroup;
			children = (
				278D6DF6206AA2B100A68BDC /* Base */,
			);
			name = LaunchScreen.storyboard;
			sourceTree = "<group>";
		};
/* End PBXVariantGroup section */

/* Begin XCBuildConfiguration section */
		278D6DF9206AA2B100A68BDC /* Debug */ = {
			isa = XCBuildConfiguration;
			buildSettings = {
				ALWAYS_SEARCH_USER_PATHS = NO;
				CLANG_ANALYZER_NONNULL = YES;
				CLANG_ANALYZER_NUMBER_OBJECT_CONVERSION = YES_AGGRESSIVE;
				CLANG_CXX_LANGUAGE_STANDARD = "gnu++14";
				CLANG_CXX_LIBRARY = "libc++";
				CLANG_ENABLE_MODULES = YES;
				CLANG_ENABLE_OBJC_ARC = YES;
				CLANG_WARN_BLOCK_CAPTURE_AUTORELEASING = YES;
				CLANG_WARN_BOOL_CONVERSION = YES;
				CLANG_WARN_COMMA = YES;
				CLANG_WARN_CONSTANT_CONVERSION = YES;
				CLANG_WARN_DIRECT_OBJC_ISA_USAGE = YES_ERROR;
				CLANG_WARN_DOCUMENTATION_COMMENTS = YES;
				CLANG_WARN_EMPTY_BODY = YES;
				CLANG_WARN_ENUM_CONVERSION = YES;
				CLANG_WARN_INFINITE_RECURSION = YES;
				CLANG_WARN_INT_CONVERSION = YES;
				CLANG_WARN_NON_LITERAL_NULL_CONVERSION = YES;
				CLANG_WARN_OBJC_LITERAL_CONVERSION = YES;
				CLANG_WARN_OBJC_ROOT_CLASS = YES_ERROR;
				CLANG_WARN_RANGE_LOOP_ANALYSIS = YES;
				CLANG_WARN_STRICT_PROTOTYPES = YES;
				CLANG_WARN_SUSPICIOUS_MOVE = YES;
				CLANG_WARN_UNGUARDED_AVAILABILITY = YES_AGGRESSIVE;
				CLANG_WARN_UNREACHABLE_CODE = YES;
				CLANG_WARN__DUPLICATE_METHOD_MATCH = YES;
				CODE_SIGN_IDENTITY = "iPhone Developer";
				COPY_PHASE_STRIP = NO;
				DEBUG_INFORMATION_FORMAT = dwarf;
				ENABLE_STRICT_OBJC_MSGSEND = YES;
				ENABLE_TESTABILITY = YES;
				GCC_C_LANGUAGE_STANDARD = gnu11;
				GCC_DYNAMIC_NO_PIC = NO;
				GCC_NO_COMMON_BLOCKS = YES;
				GCC_OPTIMIZATION_LEVEL = 0;
				GCC_PREPROCESSOR_DEFINITIONS = (
					"DEBUG=1",
					"$(inherited)",
				);
				GCC_WARN_64_TO_32_BIT_CONVERSION = YES;
				GCC_WARN_ABOUT_RETURN_TYPE = YES_ERROR;
				GCC_WARN_UNDECLARED_SELECTOR = YES;
				GCC_WARN_UNINITIALIZED_AUTOS = YES_AGGRESSIVE;
				GCC_WARN_UNUSED_FUNCTION = YES;
				GCC_WARN_UNUSED_VARIABLE = YES;
				IPHONEOS_DEPLOYMENT_TARGET = 11.2;
				MTL_ENABLE_DEBUG_INFO = YES;
				ONLY_ACTIVE_ARCH = YES;
				SDKROOT = iphoneos;
				SWIFT_ACTIVE_COMPILATION_CONDITIONS = DEBUG;
				SWIFT_OPTIMIZATION_LEVEL = "-Onone";
			};
			name = Debug;
		};
		278D6DFA206AA2B100A68BDC /* Release */ = {
			isa = XCBuildConfiguration;
			buildSettings = {
				ALWAYS_SEARCH_USER_PATHS = NO;
				CLANG_ANALYZER_NONNULL = YES;
				CLANG_ANALYZER_NUMBER_OBJECT_CONVERSION = YES_AGGRESSIVE;
				CLANG_CXX_LANGUAGE_STANDARD = "gnu++14";
				CLANG_CXX_LIBRARY = "libc++";
				CLANG_ENABLE_MODULES = YES;
				CLANG_ENABLE_OBJC_ARC = YES;
				CLANG_WARN_BLOCK_CAPTURE_AUTORELEASING = YES;
				CLANG_WARN_BOOL_CONVERSION = YES;
				CLANG_WARN_COMMA = YES;
				CLANG_WARN_CONSTANT_CONVERSION = YES;
				CLANG_WARN_DIRECT_OBJC_ISA_USAGE = YES_ERROR;
				CLANG_WARN_DOCUMENTATION_COMMENTS = YES;
				CLANG_WARN_EMPTY_BODY = YES;
				CLANG_WARN_ENUM_CONVERSION = YES;
				CLANG_WARN_INFINITE_RECURSION = YES;
				CLANG_WARN_INT_CONVERSION = YES;
				CLANG_WARN_NON_LITERAL_NULL_CONVERSION = YES;
				CLANG_WARN_OBJC_LITERAL_CONVERSION = YES;
				CLANG_WARN_OBJC_ROOT_CLASS = YES_ERROR;
				CLANG_WARN_RANGE_LOOP_ANALYSIS = YES;
				CLANG_WARN_STRICT_PROTOTYPES = YES;
				CLANG_WARN_SUSPICIOUS_MOVE = YES;
				CLANG_WARN_UNGUARDED_AVAILABILITY = YES_AGGRESSIVE;
				CLANG_WARN_UNREACHABLE_CODE = YES;
				CLANG_WARN__DUPLICATE_METHOD_MATCH = YES;
				CODE_SIGN_IDENTITY = "iPhone Developer";
				COPY_PHASE_STRIP = NO;
				DEBUG_INFORMATION_FORMAT = "dwarf-with-dsym";
				ENABLE_NS_ASSERTIONS = NO;
				ENABLE_STRICT_OBJC_MSGSEND = YES;
				GCC_C_LANGUAGE_STANDARD = gnu11;
				GCC_NO_COMMON_BLOCKS = YES;
				GCC_WARN_64_TO_32_BIT_CONVERSION = YES;
				GCC_WARN_ABOUT_RETURN_TYPE = YES_ERROR;
				GCC_WARN_UNDECLARED_SELECTOR = YES;
				GCC_WARN_UNINITIALIZED_AUTOS = YES_AGGRESSIVE;
				GCC_WARN_UNUSED_FUNCTION = YES;
				GCC_WARN_UNUSED_VARIABLE = YES;
				IPHONEOS_DEPLOYMENT_TARGET = 11.2;
				MTL_ENABLE_DEBUG_INFO = NO;
				SDKROOT = iphoneos;
				SWIFT_OPTIMIZATION_LEVEL = "-Owholemodule";
				VALIDATE_PRODUCT = YES;
			};
			name = Release;
		};
		278D6DFC206AA2B100A68BDC /* Debug */ = {
			isa = XCBuildConfiguration;
			baseConfigurationReference = 28F9B5BD4573BB839F60D0FD /* Pods-Workout Freak.debug.xcconfig */;
			buildSettings = {
				ASSETCATALOG_COMPILER_APPICON_NAME = AppIcon;
				CODE_SIGN_STYLE = Manual;
				DEVELOPMENT_TEAM = J9JRZX4879;
				FRAMEWORK_SEARCH_PATHS = (
					"$(inherited)",
					"$(PROJECT_DIR)",
				);
				INFOPLIST_FILE = "Workout Freak/Info.plist";
				IPHONEOS_DEPLOYMENT_TARGET = 10;
				LD_RUNPATH_SEARCH_PATHS = "$(inherited) @executable_path/Frameworks";
				PRODUCT_BUNDLE_IDENTIFIER = "com.amin.Workout-Freak";
				PRODUCT_NAME = "$(TARGET_NAME)";
				PROVISIONING_PROFILE = "b85bdaba-4d10-49e5-831e-1c4d627d02cb";
				PROVISIONING_PROFILE_SPECIFIER = ios_developement;
				SWIFT_OBJC_BRIDGING_HEADER = Workout_Freak_Bridging_Header.h;
				SWIFT_VERSION = 4.0;
				TARGETED_DEVICE_FAMILY = 1;
			};
			name = Debug;
		};
		278D6DFD206AA2B100A68BDC /* Release */ = {
			isa = XCBuildConfiguration;
			baseConfigurationReference = AD9E84A4683D5B66D43DC9E1 /* Pods-Workout Freak.release.xcconfig */;
			buildSettings = {
				ASSETCATALOG_COMPILER_APPICON_NAME = AppIcon;
				CODE_SIGN_STYLE = Manual;
				DEVELOPMENT_TEAM = J9JRZX4879;
				FRAMEWORK_SEARCH_PATHS = (
					"$(inherited)",
					"$(PROJECT_DIR)",
				);
				INFOPLIST_FILE = "Workout Freak/Info.plist";
				IPHONEOS_DEPLOYMENT_TARGET = 10;
				LD_RUNPATH_SEARCH_PATHS = "$(inherited) @executable_path/Frameworks";
				PRODUCT_BUNDLE_IDENTIFIER = "com.amin.Workout-Freak";
				PRODUCT_NAME = "$(TARGET_NAME)";
				PROVISIONING_PROFILE = "b85bdaba-4d10-49e5-831e-1c4d627d02cb";
				PROVISIONING_PROFILE_SPECIFIER = ios_developement;
				SWIFT_OBJC_BRIDGING_HEADER = Workout_Freak_Bridging_Header.h;
				SWIFT_VERSION = 4.0;
				TARGETED_DEVICE_FAMILY = 1;
			};
			name = Release;
		};
/* End XCBuildConfiguration section */

/* Begin XCConfigurationList section */
		278D6DE1206AA2B100A68BDC /* Build configuration list for PBXProject "Workout Freak" */ = {
			isa = XCConfigurationList;
			buildConfigurations = (
				278D6DF9206AA2B100A68BDC /* Debug */,
				278D6DFA206AA2B100A68BDC /* Release */,
			);
			defaultConfigurationIsVisible = 0;
			defaultConfigurationName = Release;
		};
		278D6DFB206AA2B100A68BDC /* Build configuration list for PBXNativeTarget "Workout Freak" */ = {
			isa = XCConfigurationList;
			buildConfigurations = (
				278D6DFC206AA2B100A68BDC /* Debug */,
				278D6DFD206AA2B100A68BDC /* Release */,
			);
			defaultConfigurationIsVisible = 0;
			defaultConfigurationName = Release;
		};
/* End XCConfigurationList section */

/* Begin XCVersionGroup section */
		278D6DF0206AA2B100A68BDC /* Workout_Freak.xcdatamodeld */ = {
			isa = XCVersionGroup;
			children = (
				278D6DF1206AA2B100A68BDC /* Workout_Freak.xcdatamodel */,
			);
			currentVersion = 278D6DF1206AA2B100A68BDC /* Workout_Freak.xcdatamodel */;
			path = Workout_Freak.xcdatamodeld;
			sourceTree = "<group>";
			versionGroupType = wrapper.xcdatamodel;
		};
/* End XCVersionGroup section */
	};
	rootObject = 278D6DDE206AA2B100A68BDC /* Project object */;
}
